
Microsoft Visual Studio Solution File, Format Version 12.00
# Visual Studio Version 17
VisualStudioVersion = 17.0.31903.59
MinimumVisualStudioVersion = 10.0.40219.1
Project("{2150E333-8FDC-42A3-9474-1A3956D46DE8}") = "src", "src", "{B4C68BC1-722B-4069-9E4D-7E7FB04FA20A}"
EndProject
Project("{2150E333-8FDC-42A3-9474-1A3956D46DE8}") = "tests", "tests", "{CE774A12-53F2-4F94-ADFA-96E36863AED4}"
EndProject
Project("{9A19103F-16F7-4668-BE54-9A1E7A4F7556}") = "Lexer.UnitTests", "tests\Lexer.UnitTests\Lexer.UnitTests.csproj", "{CB5070D3-4BD0-487D-8AF6-5892E6C58137}"
EndProject
Project("{9A19103F-16F7-4668-BE54-9A1E7A4F7556}") = "Runtime", "src\Runtime\Runtime.csproj", "{40B82403-450E-41DD-BE50-86E745DBCCC5}"
EndProject
Project("{9A19103F-16F7-4668-BE54-9A1E7A4F7556}") = "Semantics", "src\Semantics\Semantics.csproj", "{42FA4AAE-6485-47FA-89BA-A3473AE7F64D}"
EndProject
Project("{9A19103F-16F7-4668-BE54-9A1E7A4F7556}") = "VirtualMachine", "src\VirtualMachine\VirtualMachine.csproj", "{749A860A-8163-48DE-8317-8A37893FCADF}"
EndProject
Project("{9A19103F-16F7-4668-BE54-9A1E7A4F7556}") = "Interpreter", "src\Interpreter\Interpreter.csproj", "{CB8A1447-617F-49C3-A881-F40466EF2746}"
EndProject
Project("{9A19103F-16F7-4668-BE54-9A1E7A4F7556}") = "VirtualMachine.UnitTests", "tests\VirtualMachine.UnitTests\VirtualMachine.UnitTests.csproj", "{0CF9F00C-0B98-417E-B76A-8FF83F632742}"
EndProject
Project("{9A19103F-16F7-4668-BE54-9A1E7A4F7556}") = "VirtualMachineCodegen", "src\VirtualMachineCodegen\VirtualMachineCodegen.csproj", "{AF114797-042F-4909-852D-3C54D98CFA5C}"
EndProject
Project("{FAE04EC0-301F-11D3-BF4B-00C04F79EFBC}") = "Ast", "src\Ast\Ast.csproj", "{EA3BA7AD-9830-4895-8C63-5904B4DA5257}"
EndProject
Project("{9A19103F-16F7-4668-BE54-9A1E7A4F7556}") = "Interpreter.IntegrationTests", "tests\Interpreter.IntegrationTests\Interpreter.IntegrationTests.csproj", "{1AC4865F-A86D-457A-B80D-5F7A7D5F00E6}"
EndProject
Project("{FAE04EC0-301F-11D3-BF4B-00C04F79EFBC}") = "Parser.UnitTests", "tests\Parser.UnitTests\Parser.UnitTests.csproj", "{FA8330A5-43B3-40EA-A551-AE4A334645CC}"
EndProject
Global
	GlobalSection(SolutionConfigurationPlatforms) = preSolution
		Debug|Any CPU = Debug|Any CPU
		Debug|x64 = Debug|x64
		Debug|x86 = Debug|x86
		Release|Any CPU = Release|Any CPU
		Release|x64 = Release|x64
		Release|x86 = Release|x86
	EndGlobalSection
	GlobalSection(ProjectConfigurationPlatforms) = postSolution
		{CB5070D3-4BD0-487D-8AF6-5892E6C58137}.Debug|Any CPU.ActiveCfg = Debug|Any CPU
		{CB5070D3-4BD0-487D-8AF6-5892E6C58137}.Debug|Any CPU.Build.0 = Debug|Any CPU
		{CB5070D3-4BD0-487D-8AF6-5892E6C58137}.Debug|x64.ActiveCfg = Debug|Any CPU
		{CB5070D3-4BD0-487D-8AF6-5892E6C58137}.Debug|x64.Build.0 = Debug|Any CPU
		{CB5070D3-4BD0-487D-8AF6-5892E6C58137}.Debug|x86.ActiveCfg = Debug|Any CPU
		{CB5070D3-4BD0-487D-8AF6-5892E6C58137}.Debug|x86.Build.0 = Debug|Any CPU
		{CB5070D3-4BD0-487D-8AF6-5892E6C58137}.Release|Any CPU.ActiveCfg = Release|Any CPU
		{CB5070D3-4BD0-487D-8AF6-5892E6C58137}.Release|Any CPU.Build.0 = Release|Any CPU
		{CB5070D3-4BD0-487D-8AF6-5892E6C58137}.Release|x64.ActiveCfg = Release|Any CPU
		{CB5070D3-4BD0-487D-8AF6-5892E6C58137}.Release|x64.Build.0 = Release|Any CPU
		{CB5070D3-4BD0-487D-8AF6-5892E6C58137}.Release|x86.ActiveCfg = Release|Any CPU
		{CB5070D3-4BD0-487D-8AF6-5892E6C58137}.Release|x86.Build.0 = Release|Any CPU
		{40B82403-450E-41DD-BE50-86E745DBCCC5}.Debug|Any CPU.ActiveCfg = Debug|Any CPU
		{40B82403-450E-41DD-BE50-86E745DBCCC5}.Debug|Any CPU.Build.0 = Debug|Any CPU
		{40B82403-450E-41DD-BE50-86E745DBCCC5}.Debug|x64.ActiveCfg = Debug|Any CPU
		{40B82403-450E-41DD-BE50-86E745DBCCC5}.Debug|x64.Build.0 = Debug|Any CPU
		{40B82403-450E-41DD-BE50-86E745DBCCC5}.Debug|x86.ActiveCfg = Debug|Any CPU
		{40B82403-450E-41DD-BE50-86E745DBCCC5}.Debug|x86.Build.0 = Debug|Any CPU
		{40B82403-450E-41DD-BE50-86E745DBCCC5}.Release|Any CPU.ActiveCfg = Release|Any CPU
		{40B82403-450E-41DD-BE50-86E745DBCCC5}.Release|Any CPU.Build.0 = Release|Any CPU
		{40B82403-450E-41DD-BE50-86E745DBCCC5}.Release|x64.ActiveCfg = Release|Any CPU
		{40B82403-450E-41DD-BE50-86E745DBCCC5}.Release|x64.Build.0 = Release|Any CPU
		{40B82403-450E-41DD-BE50-86E745DBCCC5}.Release|x86.ActiveCfg = Release|Any CPU
		{40B82403-450E-41DD-BE50-86E745DBCCC5}.Release|x86.Build.0 = Release|Any CPU
		{42FA4AAE-6485-47FA-89BA-A3473AE7F64D}.Debug|Any CPU.ActiveCfg = Debug|Any CPU
		{42FA4AAE-6485-47FA-89BA-A3473AE7F64D}.Debug|Any CPU.Build.0 = Debug|Any CPU
		{42FA4AAE-6485-47FA-89BA-A3473AE7F64D}.Debug|x64.ActiveCfg = Debug|Any CPU
		{42FA4AAE-6485-47FA-89BA-A3473AE7F64D}.Debug|x64.Build.0 = Debug|Any CPU
		{42FA4AAE-6485-47FA-89BA-A3473AE7F64D}.Debug|x86.ActiveCfg = Debug|Any CPU
		{42FA4AAE-6485-47FA-89BA-A3473AE7F64D}.Debug|x86.Build.0 = Debug|Any CPU
		{42FA4AAE-6485-47FA-89BA-A3473AE7F64D}.Release|Any CPU.ActiveCfg = Release|Any CPU
		{42FA4AAE-6485-47FA-89BA-A3473AE7F64D}.Release|Any CPU.Build.0 = Release|Any CPU
		{42FA4AAE-6485-47FA-89BA-A3473AE7F64D}.Release|x64.ActiveCfg = Release|Any CPU
		{42FA4AAE-6485-47FA-89BA-A3473AE7F64D}.Release|x64.Build.0 = Release|Any CPU
		{42FA4AAE-6485-47FA-89BA-A3473AE7F64D}.Release|x86.ActiveCfg = Release|Any CPU
		{42FA4AAE-6485-47FA-89BA-A3473AE7F64D}.Release|x86.Build.0 = Release|Any CPU
		{749A860A-8163-48DE-8317-8A37893FCADF}.Debug|Any CPU.ActiveCfg = Debug|Any CPU
		{749A860A-8163-48DE-8317-8A37893FCADF}.Debug|Any CPU.Build.0 = Debug|Any CPU
		{749A860A-8163-48DE-8317-8A37893FCADF}.Debug|x64.ActiveCfg = Debug|Any CPU
		{749A860A-8163-48DE-8317-8A37893FCADF}.Debug|x64.Build.0 = Debug|Any CPU
		{749A860A-8163-48DE-8317-8A37893FCADF}.Debug|x86.ActiveCfg = Debug|Any CPU
		{749A860A-8163-48DE-8317-8A37893FCADF}.Debug|x86.Build.0 = Debug|Any CPU
		{749A860A-8163-48DE-8317-8A37893FCADF}.Release|Any CPU.ActiveCfg = Release|Any CPU
		{749A860A-8163-48DE-8317-8A37893FCADF}.Release|Any CPU.Build.0 = Release|Any CPU
		{749A860A-8163-48DE-8317-8A37893FCADF}.Release|x64.ActiveCfg = Release|Any CPU
		{749A860A-8163-48DE-8317-8A37893FCADF}.Release|x64.Build.0 = Release|Any CPU
		{749A860A-8163-48DE-8317-8A37893FCADF}.Release|x86.ActiveCfg = Release|Any CPU
		{749A860A-8163-48DE-8317-8A37893FCADF}.Release|x86.Build.0 = Release|Any CPU
		{CB8A1447-617F-49C3-A881-F40466EF2746}.Debug|Any CPU.ActiveCfg = Debug|Any CPU
		{CB8A1447-617F-49C3-A881-F40466EF2746}.Debug|Any CPU.Build.0 = Debug|Any CPU
		{CB8A1447-617F-49C3-A881-F40466EF2746}.Debug|x64.ActiveCfg = Debug|Any CPU
		{CB8A1447-617F-49C3-A881-F40466EF2746}.Debug|x64.Build.0 = Debug|Any CPU
		{CB8A1447-617F-49C3-A881-F40466EF2746}.Debug|x86.ActiveCfg = Debug|Any CPU
		{CB8A1447-617F-49C3-A881-F40466EF2746}.Debug|x86.Build.0 = Debug|Any CPU
		{CB8A1447-617F-49C3-A881-F40466EF2746}.Release|Any CPU.ActiveCfg = Release|Any CPU
		{CB8A1447-617F-49C3-A881-F40466EF2746}.Release|Any CPU.Build.0 = Release|Any CPU
		{CB8A1447-617F-49C3-A881-F40466EF2746}.Release|x64.ActiveCfg = Release|Any CPU
		{CB8A1447-617F-49C3-A881-F40466EF2746}.Release|x64.Build.0 = Release|Any CPU
		{CB8A1447-617F-49C3-A881-F40466EF2746}.Release|x86.ActiveCfg = Release|Any CPU
		{CB8A1447-617F-49C3-A881-F40466EF2746}.Release|x86.Build.0 = Release|Any CPU
		{0CF9F00C-0B98-417E-B76A-8FF83F632742}.Debug|Any CPU.ActiveCfg = Debug|Any CPU
		{0CF9F00C-0B98-417E-B76A-8FF83F632742}.Debug|Any CPU.Build.0 = Debug|Any CPU
		{0CF9F00C-0B98-417E-B76A-8FF83F632742}.Debug|x64.ActiveCfg = Debug|Any CPU
		{0CF9F00C-0B98-417E-B76A-8FF83F632742}.Debug|x64.Build.0 = Debug|Any CPU
		{0CF9F00C-0B98-417E-B76A-8FF83F632742}.Debug|x86.ActiveCfg = Debug|Any CPU
		{0CF9F00C-0B98-417E-B76A-8FF83F632742}.Debug|x86.Build.0 = Debug|Any CPU
		{0CF9F00C-0B98-417E-B76A-8FF83F632742}.Release|Any CPU.ActiveCfg = Release|Any CPU
		{0CF9F00C-0B98-417E-B76A-8FF83F632742}.Release|Any CPU.Build.0 = Release|Any CPU
		{0CF9F00C-0B98-417E-B76A-8FF83F632742}.Release|x64.ActiveCfg = Release|Any CPU
		{0CF9F00C-0B98-417E-B76A-8FF83F632742}.Release|x64.Build.0 = Release|Any CPU
		{0CF9F00C-0B98-417E-B76A-8FF83F632742}.Release|x86.ActiveCfg = Release|Any CPU
		{0CF9F00C-0B98-417E-B76A-8FF83F632742}.Release|x86.Build.0 = Release|Any CPU
		{AF114797-042F-4909-852D-3C54D98CFA5C}.Debug|Any CPU.ActiveCfg = Debug|Any CPU
		{AF114797-042F-4909-852D-3C54D98CFA5C}.Debug|Any CPU.Build.0 = Debug|Any CPU
		{AF114797-042F-4909-852D-3C54D98CFA5C}.Debug|x64.ActiveCfg = Debug|Any CPU
		{AF114797-042F-4909-852D-3C54D98CFA5C}.Debug|x64.Build.0 = Debug|Any CPU
		{AF114797-042F-4909-852D-3C54D98CFA5C}.Debug|x86.ActiveCfg = Debug|Any CPU
		{AF114797-042F-4909-852D-3C54D98CFA5C}.Debug|x86.Build.0 = Debug|Any CPU
		{AF114797-042F-4909-852D-3C54D98CFA5C}.Release|Any CPU.ActiveCfg = Release|Any CPU
		{AF114797-042F-4909-852D-3C54D98CFA5C}.Release|Any CPU.Build.0 = Release|Any CPU
		{AF114797-042F-4909-852D-3C54D98CFA5C}.Release|x64.ActiveCfg = Release|Any CPU
		{AF114797-042F-4909-852D-3C54D98CFA5C}.Release|x64.Build.0 = Release|Any CPU
		{AF114797-042F-4909-852D-3C54D98CFA5C}.Release|x86.ActiveCfg = Release|Any CPU
		{AF114797-042F-4909-852D-3C54D98CFA5C}.Release|x86.Build.0 = Release|Any CPU
		{EA3BA7AD-9830-4895-8C63-5904B4DA5257}.Debug|Any CPU.ActiveCfg = Debug|Any CPU
		{EA3BA7AD-9830-4895-8C63-5904B4DA5257}.Debug|Any CPU.Build.0 = Debug|Any CPU
		{EA3BA7AD-9830-4895-8C63-5904B4DA5257}.Debug|x64.ActiveCfg = Debug|Any CPU
		{EA3BA7AD-9830-4895-8C63-5904B4DA5257}.Debug|x64.Build.0 = Debug|Any CPU
		{EA3BA7AD-9830-4895-8C63-5904B4DA5257}.Debug|x86.ActiveCfg = Debug|Any CPU
		{EA3BA7AD-9830-4895-8C63-5904B4DA5257}.Debug|x86.Build.0 = Debug|Any CPU
		{EA3BA7AD-9830-4895-8C63-5904B4DA5257}.Release|Any CPU.ActiveCfg = Release|Any CPU
		{EA3BA7AD-9830-4895-8C63-5904B4DA5257}.Release|Any CPU.Build.0 = Release|Any CPU
		{EA3BA7AD-9830-4895-8C63-5904B4DA5257}.Release|x64.ActiveCfg = Release|Any CPU
		{EA3BA7AD-9830-4895-8C63-5904B4DA5257}.Release|x64.Build.0 = Release|Any CPU
		{EA3BA7AD-9830-4895-8C63-5904B4DA5257}.Release|x86.ActiveCfg = Release|Any CPU
		{EA3BA7AD-9830-4895-8C63-5904B4DA5257}.Release|x86.Build.0 = Release|Any CPU
		{1AC4865F-A86D-457A-B80D-5F7A7D5F00E6}.Debug|Any CPU.ActiveCfg = Debug|Any CPU
		{1AC4865F-A86D-457A-B80D-5F7A7D5F00E6}.Debug|Any CPU.Build.0 = Debug|Any CPU
		{1AC4865F-A86D-457A-B80D-5F7A7D5F00E6}.Debug|x64.ActiveCfg = Debug|Any CPU
		{1AC4865F-A86D-457A-B80D-5F7A7D5F00E6}.Debug|x64.Build.0 = Debug|Any CPU
		{1AC4865F-A86D-457A-B80D-5F7A7D5F00E6}.Debug|x86.ActiveCfg = Debug|Any CPU
		{1AC4865F-A86D-457A-B80D-5F7A7D5F00E6}.Debug|x86.Build.0 = Debug|Any CPU
		{1AC4865F-A86D-457A-B80D-5F7A7D5F00E6}.Release|Any CPU.ActiveCfg = Release|Any CPU
		{1AC4865F-A86D-457A-B80D-5F7A7D5F00E6}.Release|Any CPU.Build.0 = Release|Any CPU
		{1AC4865F-A86D-457A-B80D-5F7A7D5F00E6}.Release|x64.ActiveCfg = Release|Any CPU
		{1AC4865F-A86D-457A-B80D-5F7A7D5F00E6}.Release|x64.Build.0 = Release|Any CPU
		{1AC4865F-A86D-457A-B80D-5F7A7D5F00E6}.Release|x86.ActiveCfg = Release|Any CPU
		{1AC4865F-A86D-457A-B80D-5F7A7D5F00E6}.Release|x86.Build.0 = Release|Any CPU
		{FA8330A5-43B3-40EA-A551-AE4A334645CC}.Debug|Any CPU.ActiveCfg = Debug|Any CPU
		{FA8330A5-43B3-40EA-A551-AE4A334645CC}.Debug|Any CPU.Build.0 = Debug|Any CPU
		{FA8330A5-43B3-40EA-A551-AE4A334645CC}.Debug|x64.ActiveCfg = Debug|Any CPU
		{FA8330A5-43B3-40EA-A551-AE4A334645CC}.Debug|x64.Build.0 = Debug|Any CPU
		{FA8330A5-43B3-40EA-A551-AE4A334645CC}.Debug|x86.ActiveCfg = Debug|Any CPU
		{FA8330A5-43B3-40EA-A551-AE4A334645CC}.Debug|x86.Build.0 = Debug|Any CPU
		{FA8330A5-43B3-40EA-A551-AE4A334645CC}.Release|Any CPU.ActiveCfg = Release|Any CPU
		{FA8330A5-43B3-40EA-A551-AE4A334645CC}.Release|Any CPU.Build.0 = Release|Any CPU
		{FA8330A5-43B3-40EA-A551-AE4A334645CC}.Release|x64.ActiveCfg = Release|Any CPU
		{FA8330A5-43B3-40EA-A551-AE4A334645CC}.Release|x64.Build.0 = Release|Any CPU
		{FA8330A5-43B3-40EA-A551-AE4A334645CC}.Release|x86.ActiveCfg = Release|Any CPU
		{FA8330A5-43B3-40EA-A551-AE4A334645CC}.Release|x86.Build.0 = Release|Any CPU
	EndGlobalSection
	GlobalSection(SolutionProperties) = preSolution
		HideSolutionNode = FALSE
	EndGlobalSection
	GlobalSection(NestedProjects) = preSolution
		{CB5070D3-4BD0-487D-8AF6-5892E6C58137} = {CE774A12-53F2-4F94-ADFA-96E36863AED4}
		{40B82403-450E-41DD-BE50-86E745DBCCC5} = {B4C68BC1-722B-4069-9E4D-7E7FB04FA20A}
		{42FA4AAE-6485-47FA-89BA-A3473AE7F64D} = {B4C68BC1-722B-4069-9E4D-7E7FB04FA20A}
		{749A860A-8163-48DE-8317-8A37893FCADF} = {B4C68BC1-722B-4069-9E4D-7E7FB04FA20A}
		{CB8A1447-617F-49C3-A881-F40466EF2746} = {B4C68BC1-722B-4069-9E4D-7E7FB04FA20A}
		{0CF9F00C-0B98-417E-B76A-8FF83F632742} = {CE774A12-53F2-4F94-ADFA-96E36863AED4}
		{AF114797-042F-4909-852D-3C54D98CFA5C} = {B4C68BC1-722B-4069-9E4D-7E7FB04FA20A}
		{EA3BA7AD-9830-4895-8C63-5904B4DA5257} = {B4C68BC1-722B-4069-9E4D-7E7FB04FA20A}
		{1AC4865F-A86D-457A-B80D-5F7A7D5F00E6} = {CE774A12-53F2-4F94-ADFA-96E36863AED4}
		{FA8330A5-43B3-40EA-A551-AE4A334645CC} = {CE774A12-53F2-4F94-ADFA-96E36863AED4}
	EndGlobalSection
	GlobalSection(ExtensibilityGlobals) = postSolution
		SolutionGuid = {0D8869E3-C9D9-47CA-9C71-83DA98262151}
	EndGlobalSection
EndGlobal
